
Microsoft Visual Studio Solution File, Format Version 12.00
# Visual Studio Version 16
VisualStudioVersion = 16.0.31025.194
MinimumVisualStudioVersion = 10.0.40219.1
Project("{FAE04EC0-301F-11D3-BF4B-00C04F79EFBC}") = "UdemyNLayerProject.API", "UdemyNLayerProject.API\UdemyNLayerProject.API.csproj", "{A40219B4-AD56-416A-88DB-1D1D34180EE4}"
EndProject
Project("{FAE04EC0-301F-11D3-BF4B-00C04F79EFBC}") = "UdemyNLayerProject.Core", "UdemyNLayerProject.Core\UdemyNLayerProject.Core.csproj", "{C10199C3-CF2C-49A5-BF80-2385D5093980}"
EndProject
Project("{FAE04EC0-301F-11D3-BF4B-00C04F79EFBC}") = "UdemyNLayerProject.Data", "UdemyNLayerProject.Data\UdemyNLayerProject.Data.csproj", "{A4FDF3AA-6D1F-4C2C-9EE8-8A3847B46745}"
EndProject
Project("{FAE04EC0-301F-11D3-BF4B-00C04F79EFBC}") = "UdemyNLayerProject.Service", "UdemyNLayerProject.Service\UdemyNLayerProject.Service.csproj", "{E3E9BF3A-E8E1-43C4-BE2E-EC769C9604EA}"
EndProject
Project("{FAE04EC0-301F-11D3-BF4B-00C04F79EFBC}") = "UdemyNLayerProject.WebUI", "UdemyNLayerProject.WebUI\UdemyNLayerProject.WebUI.csproj", "{71CA4FD5-D0B6-464F-8F3F-AAAEDEFB6E7D}"
EndProject
Global
	GlobalSection(SolutionConfigurationPlatforms) = preSolution
		Debug|Any CPU = Debug|Any CPU
		Release|Any CPU = Release|Any CPU
	EndGlobalSection
	GlobalSection(ProjectConfigurationPlatforms) = postSolution
		{A40219B4-AD56-416A-88DB-1D1D34180EE4}.Debug|Any CPU.ActiveCfg = Debug|Any CPU
		{A40219B4-AD56-416A-88DB-1D1D34180EE4}.Debug|Any CPU.Build.0 = Debug|Any CPU
		{A40219B4-AD56-416A-88DB-1D1D34180EE4}.Release|Any CPU.ActiveCfg = Release|Any CPU
		{A40219B4-AD56-416A-88DB-1D1D34180EE4}.Release|Any CPU.Build.0 = Release|Any CPU
		{C10199C3-CF2C-49A5-BF80-2385D5093980}.Debug|Any CPU.ActiveCfg = Debug|Any CPU
		{C10199C3-CF2C-49A5-BF80-2385D5093980}.Debug|Any CPU.Build.0 = Debug|Any CPU
		{C10199C3-CF2C-49A5-BF80-2385D5093980}.Release|Any CPU.ActiveCfg = Release|Any CPU
		{C10199C3-CF2C-49A5-BF80-2385D5093980}.Release|Any CPU.Build.0 = Release|Any CPU
		{A4FDF3AA-6D1F-4C2C-9EE8-8A3847B46745}.Debug|Any CPU.ActiveCfg = Debug|Any CPU
		{A4FDF3AA-6D1F-4C2C-9EE8-8A3847B46745}.Debug|Any CPU.Build.0 = Debug|Any CPU
		{A4FDF3AA-6D1F-4C2C-9EE8-8A3847B46745}.Release|Any CPU.ActiveCfg = Release|Any CPU
		{A4FDF3AA-6D1F-4C2C-9EE8-8A3847B46745}.Release|Any CPU.Build.0 = Release|Any CPU
		{E3E9BF3A-E8E1-43C4-BE2E-EC769C9604EA}.Debug|Any CPU.ActiveCfg = Debug|Any CPU
		{E3E9BF3A-E8E1-43C4-BE2E-EC769C9604EA}.Debug|Any CPU.Build.0 = Debug|Any CPU
		{E3E9BF3A-E8E1-43C4-BE2E-EC769C9604EA}.Release|Any CPU.ActiveCfg = Release|Any CPU
		{E3E9BF3A-E8E1-43C4-BE2E-EC769C9604EA}.Release|Any CPU.Build.0 = Release|Any CPU
		{71CA4FD5-D0B6-464F-8F3F-AAAEDEFB6E7D}.Debug|Any CPU.ActiveCfg = Debug|Any CPU
		{71CA4FD5-D0B6-464F-8F3F-AAAEDEFB6E7D}.Debug|Any CPU.Build.0 = Debug|Any CPU
		{71CA4FD5-D0B6-464F-8F3F-AAAEDEFB6E7D}.Release|Any CPU.ActiveCfg = Release|Any CPU
		{71CA4FD5-D0B6-464F-8F3F-AAAEDEFB6E7D}.Release|Any CPU.Build.0 = Release|Any CPU
	EndGlobalSection
	GlobalSection(SolutionProperties) = preSolution
		HideSolutionNode = FALSE
	EndGlobalSection
	GlobalSection(ExtensibilityGlobals) = postSolution
		SolutionGuid = {AA62523B-7112-4A6A-B8E2-A53DDB429380}
	EndGlobalSection
EndGlobal
