
Microsoft Visual Studio Solution File, Format Version 12.00
# Visual Studio Version 16
VisualStudioVersion = 16.0.31019.35
MinimumVisualStudioVersion = 10.0.40219.1
Project("{FAE04EC0-301F-11D3-BF4B-00C04F79EFBC}") = "JWT-Auth", "JWT-Auth\JWT-Auth.csproj", "{4E64A78B-3A26-4E3D-8C87-5F9E52DE82CD}"
EndProject
Global
	GlobalSection(SolutionConfigurationPlatforms) = preSolution
		Debug|Any CPU = Debug|Any CPU
		Release|Any CPU = Release|Any CPU
	EndGlobalSection
	GlobalSection(ProjectConfigurationPlatforms) = postSolution
		{4E64A78B-3A26-4E3D-8C87-5F9E52DE82CD}.Debug|Any CPU.ActiveCfg = Debug|Any CPU
		{4E64A78B-3A26-4E3D-8C87-5F9E52DE82CD}.Debug|Any CPU.Build.0 = Debug|Any CPU
		{4E64A78B-3A26-4E3D-8C87-5F9E52DE82CD}.Release|Any CPU.ActiveCfg = Release|Any CPU
		{4E64A78B-3A26-4E3D-8C87-5F9E52DE82CD}.Release|Any CPU.Build.0 = Release|Any CPU
	EndGlobalSection
	GlobalSection(SolutionProperties) = preSolution
		HideSolutionNode = FALSE
	EndGlobalSection
	GlobalSection(ExtensibilityGlobals) = postSolution
		SolutionGuid = {CB630B62-600B-4814-B6D6-F8C5BDF00C58}
	EndGlobalSection
EndGlobal
