
Microsoft Visual Studio Solution File, Format Version 12.00
# Visual Studio Version 16
VisualStudioVersion = 16.0.31025.194
MinimumVisualStudioVersion = 10.0.40219.1
Project("{FAE04EC0-301F-11D3-BF4B-00C04F79EFBC}") = "BlazorServerAppCRUD", "BlazorServerAppCRUD\BlazorServerAppCRUD.csproj", "{C1F07D07-7C9C-46F6-AFA6-0B82CA6FC06F}"
EndProject
Global
	GlobalSection(SolutionConfigurationPlatforms) = preSolution
		Debug|Any CPU = Debug|Any CPU
		Release|Any CPU = Release|Any CPU
	EndGlobalSection
	GlobalSection(ProjectConfigurationPlatforms) = postSolution
		{C1F07D07-7C9C-46F6-AFA6-0B82CA6FC06F}.Debug|Any CPU.ActiveCfg = Debug|Any CPU
		{C1F07D07-7C9C-46F6-AFA6-0B82CA6FC06F}.Debug|Any CPU.Build.0 = Debug|Any CPU
		{C1F07D07-7C9C-46F6-AFA6-0B82CA6FC06F}.Release|Any CPU.ActiveCfg = Release|Any CPU
		{C1F07D07-7C9C-46F6-AFA6-0B82CA6FC06F}.Release|Any CPU.Build.0 = Release|Any CPU
	EndGlobalSection
	GlobalSection(SolutionProperties) = preSolution
		HideSolutionNode = FALSE
	EndGlobalSection
	GlobalSection(ExtensibilityGlobals) = postSolution
		SolutionGuid = {0CD8B7E2-5E83-497F-879A-66D1EB12D149}
	EndGlobalSection
EndGlobal
