
Microsoft Visual Studio Solution File, Format Version 12.00
# Visual Studio Version 16
VisualStudioVersion = 16.0.31019.35
MinimumVisualStudioVersion = 10.0.40219.1
Project("{FAE04EC0-301F-11D3-BF4B-00C04F79EFBC}") = "EmployeeManagerMVC", "EmployeeManagerMVC\EmployeeManagerMVC.csproj", "{366F55B1-A7F8-4DBA-BB8D-444B5C9269FF}"
EndProject
Global
	GlobalSection(SolutionConfigurationPlatforms) = preSolution
		Debug|Any CPU = Debug|Any CPU
		Release|Any CPU = Release|Any CPU
	EndGlobalSection
	GlobalSection(ProjectConfigurationPlatforms) = postSolution
		{366F55B1-A7F8-4DBA-BB8D-444B5C9269FF}.Debug|Any CPU.ActiveCfg = Debug|Any CPU
		{366F55B1-A7F8-4DBA-BB8D-444B5C9269FF}.Debug|Any CPU.Build.0 = Debug|Any CPU
		{366F55B1-A7F8-4DBA-BB8D-444B5C9269FF}.Release|Any CPU.ActiveCfg = Release|Any CPU
		{366F55B1-A7F8-4DBA-BB8D-444B5C9269FF}.Release|Any CPU.Build.0 = Release|Any CPU
	EndGlobalSection
	GlobalSection(SolutionProperties) = preSolution
		HideSolutionNode = FALSE
	EndGlobalSection
	GlobalSection(ExtensibilityGlobals) = postSolution
		SolutionGuid = {7873C8AA-30D1-4FBB-A97E-82F523311957}
	EndGlobalSection
EndGlobal
