
Microsoft Visual Studio Solution File, Format Version 12.00
# Visual Studio Version 16
VisualStudioVersion = 16.0.31019.35
MinimumVisualStudioVersion = 10.0.40219.1
Project("{FAE04EC0-301F-11D3-BF4B-00C04F79EFBC}") = "Modal-Jquery-CRUD", "Modal-Jquery-CRUD\Modal-Jquery-CRUD.csproj", "{F78C9627-8487-4638-B30E-7137AFB1FAB3}"
EndProject
Global
	GlobalSection(SolutionConfigurationPlatforms) = preSolution
		Debug|Any CPU = Debug|Any CPU
		Release|Any CPU = Release|Any CPU
	EndGlobalSection
	GlobalSection(ProjectConfigurationPlatforms) = postSolution
		{F78C9627-8487-4638-B30E-7137AFB1FAB3}.Debug|Any CPU.ActiveCfg = Debug|Any CPU
		{F78C9627-8487-4638-B30E-7137AFB1FAB3}.Debug|Any CPU.Build.0 = Debug|Any CPU
		{F78C9627-8487-4638-B30E-7137AFB1FAB3}.Release|Any CPU.ActiveCfg = Release|Any CPU
		{F78C9627-8487-4638-B30E-7137AFB1FAB3}.Release|Any CPU.Build.0 = Release|Any CPU
	EndGlobalSection
	GlobalSection(SolutionProperties) = preSolution
		HideSolutionNode = FALSE
	EndGlobalSection
	GlobalSection(ExtensibilityGlobals) = postSolution
		SolutionGuid = {527796B3-E1CD-4518-8B59-7C610D0770F6}
	EndGlobalSection
EndGlobal
