
Microsoft Visual Studio Solution File, Format Version 12.00
# Visual Studio Version 16
VisualStudioVersion = 16.0.31019.35
MinimumVisualStudioVersion = 10.0.40219.1
Project("{FAE04EC0-301F-11D3-BF4B-00C04F79EFBC}") = "EmployeeManager-Mvc-Modal", "EmployeeManager-Mvc-Modal\EmployeeManager-Mvc-Modal.csproj", "{5ECF1957-4B6A-409A-89BD-B8959F47E203}"
EndProject
Global
	GlobalSection(SolutionConfigurationPlatforms) = preSolution
		Debug|Any CPU = Debug|Any CPU
		Release|Any CPU = Release|Any CPU
	EndGlobalSection
	GlobalSection(ProjectConfigurationPlatforms) = postSolution
		{5ECF1957-4B6A-409A-89BD-B8959F47E203}.Debug|Any CPU.ActiveCfg = Debug|Any CPU
		{5ECF1957-4B6A-409A-89BD-B8959F47E203}.Debug|Any CPU.Build.0 = Debug|Any CPU
		{5ECF1957-4B6A-409A-89BD-B8959F47E203}.Release|Any CPU.ActiveCfg = Release|Any CPU
		{5ECF1957-4B6A-409A-89BD-B8959F47E203}.Release|Any CPU.Build.0 = Release|Any CPU
	EndGlobalSection
	GlobalSection(SolutionProperties) = preSolution
		HideSolutionNode = FALSE
	EndGlobalSection
	GlobalSection(ExtensibilityGlobals) = postSolution
		SolutionGuid = {891A8E42-68EE-4360-8C07-E9745B455F45}
	EndGlobalSection
EndGlobal
