
Microsoft Visual Studio Solution File, Format Version 12.00
# Visual Studio Version 16
VisualStudioVersion = 16.0.31025.194
MinimumVisualStudioVersion = 10.0.40219.1
Project("{FAE04EC0-301F-11D3-BF4B-00C04F79EFBC}") = "BasicMath", "BasichMath\BasicMath.csproj", "{0A69E1B5-43F8-4AEA-8FF2-E794D6F9DAB2}"
EndProject
Project("{FAE04EC0-301F-11D3-BF4B-00C04F79EFBC}") = "BasicMath.UnitTest", "BasicMath.UnitTest\BasicMath.UnitTest.csproj", "{3C459301-5FC6-420B-B187-1B33B87316B9}"
EndProject
Global
	GlobalSection(SolutionConfigurationPlatforms) = preSolution
		Debug|Any CPU = Debug|Any CPU
		Release|Any CPU = Release|Any CPU
	EndGlobalSection
	GlobalSection(ProjectConfigurationPlatforms) = postSolution
		{0A69E1B5-43F8-4AEA-8FF2-E794D6F9DAB2}.Debug|Any CPU.ActiveCfg = Debug|Any CPU
		{0A69E1B5-43F8-4AEA-8FF2-E794D6F9DAB2}.Debug|Any CPU.Build.0 = Debug|Any CPU
		{0A69E1B5-43F8-4AEA-8FF2-E794D6F9DAB2}.Release|Any CPU.ActiveCfg = Release|Any CPU
		{0A69E1B5-43F8-4AEA-8FF2-E794D6F9DAB2}.Release|Any CPU.Build.0 = Release|Any CPU
		{3C459301-5FC6-420B-B187-1B33B87316B9}.Debug|Any CPU.ActiveCfg = Debug|Any CPU
		{3C459301-5FC6-420B-B187-1B33B87316B9}.Debug|Any CPU.Build.0 = Debug|Any CPU
		{3C459301-5FC6-420B-B187-1B33B87316B9}.Release|Any CPU.ActiveCfg = Release|Any CPU
		{3C459301-5FC6-420B-B187-1B33B87316B9}.Release|Any CPU.Build.0 = Release|Any CPU
	EndGlobalSection
	GlobalSection(SolutionProperties) = preSolution
		HideSolutionNode = FALSE
	EndGlobalSection
	GlobalSection(ExtensibilityGlobals) = postSolution
		SolutionGuid = {5FA7D2B9-A293-42FD-AD49-852764861F9F}
	EndGlobalSection
EndGlobal
