
Microsoft Visual Studio Solution File, Format Version 12.00
# Visual Studio Version 16
VisualStudioVersion = 16.0.31025.194
MinimumVisualStudioVersion = 10.0.40219.1
Project("{FAE04EC0-301F-11D3-BF4B-00C04F79EFBC}") = "Hangfire.Demo", "Hangfire.Demo\Hangfire.Demo.csproj", "{51D0B53D-A0DE-4105-8AF4-F8914D366D34}"
EndProject
Global
	GlobalSection(SolutionConfigurationPlatforms) = preSolution
		Debug|Any CPU = Debug|Any CPU
		Release|Any CPU = Release|Any CPU
	EndGlobalSection
	GlobalSection(ProjectConfigurationPlatforms) = postSolution
		{51D0B53D-A0DE-4105-8AF4-F8914D366D34}.Debug|Any CPU.ActiveCfg = Debug|Any CPU
		{51D0B53D-A0DE-4105-8AF4-F8914D366D34}.Debug|Any CPU.Build.0 = Debug|Any CPU
		{51D0B53D-A0DE-4105-8AF4-F8914D366D34}.Release|Any CPU.ActiveCfg = Release|Any CPU
		{51D0B53D-A0DE-4105-8AF4-F8914D366D34}.Release|Any CPU.Build.0 = Release|Any CPU
	EndGlobalSection
	GlobalSection(SolutionProperties) = preSolution
		HideSolutionNode = FALSE
	EndGlobalSection
	GlobalSection(ExtensibilityGlobals) = postSolution
		SolutionGuid = {07B1A92F-234E-4DF6-8BA9-65F5EEE4D44F}
	EndGlobalSection
EndGlobal
