
Microsoft Visual Studio Solution File, Format Version 12.00
# Visual Studio Version 16
VisualStudioVersion = 16.0.31112.23
MinimumVisualStudioVersion = 10.0.40219.1
Project("{FAE04EC0-301F-11D3-BF4B-00C04F79EFBC}") = "Redis", "Redis\Redis.csproj", "{70C9B785-D04B-496B-8146-214FFABEEC61}"
EndProject
Global
	GlobalSection(SolutionConfigurationPlatforms) = preSolution
		Debug|Any CPU = Debug|Any CPU
		Release|Any CPU = Release|Any CPU
	EndGlobalSection
	GlobalSection(ProjectConfigurationPlatforms) = postSolution
		{70C9B785-D04B-496B-8146-214FFABEEC61}.Debug|Any CPU.ActiveCfg = Debug|Any CPU
		{70C9B785-D04B-496B-8146-214FFABEEC61}.Debug|Any CPU.Build.0 = Debug|Any CPU
		{70C9B785-D04B-496B-8146-214FFABEEC61}.Release|Any CPU.ActiveCfg = Release|Any CPU
		{70C9B785-D04B-496B-8146-214FFABEEC61}.Release|Any CPU.Build.0 = Release|Any CPU
	EndGlobalSection
	GlobalSection(SolutionProperties) = preSolution
		HideSolutionNode = FALSE
	EndGlobalSection
	GlobalSection(ExtensibilityGlobals) = postSolution
		SolutionGuid = {E9DABC98-EB9E-422A-8E08-03DC5B76AB7F}
	EndGlobalSection
EndGlobal
